{
    "version": 3,
    "terraform_version": "0.10.8",
    "serial": 3,
    "lineage": "7e645d14-d341-4afe-bb65-8edfea565e4d",
    "modules": [
        {
            "path": [
                "root"
            ],
            "outputs": {},
            "resources": {
                "aws_db_subnet_group.blog_db": {
                    "type": "aws_db_subnet_group",
                    "depends_on": [
                        "aws_subnet.rede_1",
                        "aws_subnet.rede_2"
                    ],
                    "primary": {
                        "id": "main",
                        "attributes": {
                            "arn": "arn:aws:rds:sa-east-1:729491788263:subgrp:main",
                            "description": "Grupo de subnets",
                            "id": "main",
                            "name": "main",
                            "subnet_ids.#": "2",
                            "subnet_ids.508072313": "subnet-6574fd02",
                            "subnet_ids.916782861": "subnet-bd4222e5",
                            "tags.%": "1",
                            "tags.Name": "Grupo de subnets blog"
                        },
                        "meta": {},
                        "tainted": false
                    },
                    "deposed": [],
                    "provider": ""
                },
                "aws_elb.web_elb": {
                    "type": "aws_elb",
                    "depends_on": [
                        "aws_instance.web01",
                        "aws_instance.web02"
                    ],
                    "primary": {
                        "id": "web-elb",
                        "attributes": {
                            "access_logs.#": "0",
                            "availability_zones.#": "2",
                            "availability_zones.1542137131": "sa-east-1a",
                            "availability_zones.3051701255": "sa-east-1c",
                            "connection_draining": "false",
                            "connection_draining_timeout": "300",
                            "cross_zone_load_balancing": "false",
                            "dns_name": "web-elb-1877192941.sa-east-1.elb.amazonaws.com",
                            "health_check.#": "1",
                            "health_check.0.healthy_threshold": "10",
                            "health_check.0.interval": "30",
                            "health_check.0.target": "TCP:80",
                            "health_check.0.timeout": "5",
                            "health_check.0.unhealthy_threshold": "2",
                            "id": "web-elb",
                            "idle_timeout": "60",
                            "instances.#": "0",
                            "internal": "false",
                            "listener.#": "1",
                            "listener.3057123346.instance_port": "80",
                            "listener.3057123346.instance_protocol": "http",
                            "listener.3057123346.lb_port": "80",
                            "listener.3057123346.lb_protocol": "http",
                            "listener.3057123346.ssl_certificate_id": "",
                            "name": "web-elb",
                            "security_groups.#": "1",
                            "security_groups.3730477080": "sg-8b84a9ec",
                            "source_security_group": "729491788263/default_elb_2af2fac4-6daf-35fb-83e3-9a4183edf7d0",
                            "source_security_group_id": "sg-8b84a9ec",
                            "subnets.#": "2",
                            "subnets.3508728839": "subnet-1e48e679",
                            "subnets.684834887": "subnet-486def10",
                            "tags.%": "1",
                            "tags.Name": "Web ELB",
                            "zone_id": "Z2P70J7HTTTPLU"
                        },
                        "meta": {},
                        "tainted": false
                    },
                    "deposed": [],
                    "provider": ""
                },
                "aws_instance.web01": {
                    "type": "aws_instance",
                    "depends_on": [
                        "aws_security_group.allow_ssh",
                        "aws_security_group.web_server",
                        "aws_subnet.rede_1"
                    ],
                    "primary": {
                        "id": "i-0f45a0f0dd9269f24",
                        "attributes": {
                            "ami": "ami-10186f7c",
                            "associate_public_ip_address": "false",
                            "availability_zone": "sa-east-1a",
                            "disable_api_termination": "false",
                            "ebs_block_device.#": "0",
                            "ebs_optimized": "false",
                            "ephemeral_block_device.#": "0",
                            "iam_instance_profile": "",
                            "id": "i-0f45a0f0dd9269f24",
                            "instance_state": "running",
                            "instance_type": "t2.micro",
                            "ipv6_addresses.#": "0",
                            "key_name": "renan",
                            "monitoring": "false",
                            "network_interface.#": "0",
                            "network_interface_id": "eni-1d715b11",
                            "primary_network_interface_id": "eni-1d715b11",
                            "private_dns": "ip-10-100-0-13.sa-east-1.compute.internal",
                            "private_ip": "10.100.0.13",
                            "public_dns": "",
                            "public_ip": "",
                            "root_block_device.#": "1",
                            "root_block_device.0.delete_on_termination": "true",
                            "root_block_device.0.iops": "100",
                            "root_block_device.0.volume_size": "8",
                            "root_block_device.0.volume_type": "gp2",
                            "security_groups.#": "0",
                            "source_dest_check": "true",
                            "subnet_id": "subnet-6574fd02",
                            "tags.%": "1",
                            "tags.Name": "web01",
                            "tenancy": "default",
                            "volume_tags.%": "0",
                            "vpc_security_group_ids.#": "2",
                            "vpc_security_group_ids.921766696": "sg-1797ba70",
                            "vpc_security_group_ids.938105275": "sg-3487aa53"
                        },
                        "meta": {
                            "e2bfb730-ecaa-11e6-8f88-34363bc7c4c0": {
                                "create": 600000000000,
                                "delete": 600000000000,
                                "update": 600000000000
                            },
                            "schema_version": "1"
                        },
                        "tainted": false
                    },
                    "deposed": [],
                    "provider": ""
                },
                "aws_instance.web02": {
                    "type": "aws_instance",
                    "depends_on": [
                        "aws_security_group.allow_ssh",
                        "aws_security_group.web_server",
                        "aws_subnet.rede_2"
                    ],
                    "primary": {
                        "id": "i-028259932b3f29d90",
                        "attributes": {
                            "ami": "ami-10186f7c",
                            "associate_public_ip_address": "false",
                            "availability_zone": "sa-east-1c",
                            "disable_api_termination": "false",
                            "ebs_block_device.#": "0",
                            "ebs_optimized": "false",
                            "ephemeral_block_device.#": "0",
                            "iam_instance_profile": "",
                            "id": "i-028259932b3f29d90",
                            "instance_state": "running",
                            "instance_type": "t2.micro",
                            "ipv6_addresses.#": "0",
                            "key_name": "renan",
                            "monitoring": "false",
                            "network_interface.#": "0",
                            "network_interface_id": "eni-91aec489",
                            "primary_network_interface_id": "eni-91aec489",
                            "private_dns": "ip-10-100-1-25.sa-east-1.compute.internal",
                            "private_ip": "10.100.1.25",
                            "public_dns": "",
                            "public_ip": "",
                            "root_block_device.#": "1",
                            "root_block_device.0.delete_on_termination": "true",
                            "root_block_device.0.iops": "100",
                            "root_block_device.0.volume_size": "8",
                            "root_block_device.0.volume_type": "gp2",
                            "security_groups.#": "0",
                            "source_dest_check": "true",
                            "subnet_id": "subnet-bd4222e5",
                            "tags.%": "1",
                            "tags.Name": "web02",
                            "tenancy": "default",
                            "volume_tags.%": "0",
                            "vpc_security_group_ids.#": "2",
                            "vpc_security_group_ids.921766696": "sg-1797ba70",
                            "vpc_security_group_ids.938105275": "sg-3487aa53"
                        },
                        "meta": {
                            "e2bfb730-ecaa-11e6-8f88-34363bc7c4c0": {
                                "create": 600000000000,
                                "delete": 600000000000,
                                "update": 600000000000
                            },
                            "schema_version": "1"
                        },
                        "tainted": false
                    },
                    "deposed": [],
                    "provider": ""
                },
                "aws_internet_gateway.gw_blog": {
                    "type": "aws_internet_gateway",
                    "depends_on": [
                        "aws_vpc.blog"
                    ],
                    "primary": {
                        "id": "igw-cd8998a8",
                        "attributes": {
                            "id": "igw-cd8998a8",
                            "tags.%": "1",
                            "tags.Name": "Gateway blog",
                            "vpc_id": "vpc-2cb4bf48"
                        },
                        "meta": {},
                        "tainted": false
                    },
                    "deposed": [],
                    "provider": ""
                },
                "aws_security_group.allow_ssh": {
                    "type": "aws_security_group",
                    "depends_on": [
                        "aws_vpc.blog"
                    ],
                    "primary": {
                        "id": "sg-3487aa53",
                        "attributes": {
                            "description": "Libera trafego ssh",
                            "egress.#": "1",
                            "egress.1543620397.cidr_blocks.#": "1",
                            "egress.1543620397.cidr_blocks.0": "0.0.0.0/0",
                            "egress.1543620397.description": "",
                            "egress.1543620397.from_port": "1024",
                            "egress.1543620397.ipv6_cidr_blocks.#": "0",
                            "egress.1543620397.prefix_list_ids.#": "0",
                            "egress.1543620397.protocol": "tcp",
                            "egress.1543620397.security_groups.#": "0",
                            "egress.1543620397.self": "false",
                            "egress.1543620397.to_port": "65535",
                            "id": "sg-3487aa53",
                            "ingress.#": "1",
                            "ingress.2541437006.cidr_blocks.#": "1",
                            "ingress.2541437006.cidr_blocks.0": "0.0.0.0/0",
                            "ingress.2541437006.description": "",
                            "ingress.2541437006.from_port": "22",
                            "ingress.2541437006.ipv6_cidr_blocks.#": "0",
                            "ingress.2541437006.protocol": "tcp",
                            "ingress.2541437006.security_groups.#": "0",
                            "ingress.2541437006.self": "false",
                            "ingress.2541437006.to_port": "22",
                            "name": "allow_ssh",
                            "owner_id": "729491788263",
                            "revoke_rules_on_delete": "false",
                            "tags.%": "1",
                            "tags.Name": "Allow SSH",
                            "vpc_id": "vpc-2cb4bf48"
                        },
                        "meta": {
                            "schema_version": "1"
                        },
                        "tainted": false
                    },
                    "deposed": [],
                    "provider": ""
                },
                "aws_security_group.web_server": {
                    "type": "aws_security_group",
                    "depends_on": [
                        "aws_vpc.blog"
                    ],
                    "primary": {
                        "id": "sg-1797ba70",
                        "attributes": {
                            "description": "Trafego http e https",
                            "egress.#": "1",
                            "egress.1543620397.cidr_blocks.#": "1",
                            "egress.1543620397.cidr_blocks.0": "0.0.0.0/0",
                            "egress.1543620397.description": "",
                            "egress.1543620397.from_port": "1024",
                            "egress.1543620397.ipv6_cidr_blocks.#": "0",
                            "egress.1543620397.prefix_list_ids.#": "0",
                            "egress.1543620397.protocol": "tcp",
                            "egress.1543620397.security_groups.#": "0",
                            "egress.1543620397.self": "false",
                            "egress.1543620397.to_port": "65535",
                            "id": "sg-1797ba70",
                            "ingress.#": "1",
                            "ingress.2214680975.cidr_blocks.#": "1",
                            "ingress.2214680975.cidr_blocks.0": "0.0.0.0/0",
                            "ingress.2214680975.description": "",
                            "ingress.2214680975.from_port": "80",
                            "ingress.2214680975.ipv6_cidr_blocks.#": "0",
                            "ingress.2214680975.protocol": "tcp",
                            "ingress.2214680975.security_groups.#": "0",
                            "ingress.2214680975.self": "false",
                            "ingress.2214680975.to_port": "80",
                            "name": "Web Server",
                            "owner_id": "729491788263",
                            "revoke_rules_on_delete": "false",
                            "tags.%": "0",
                            "vpc_id": "vpc-2cb4bf48"
                        },
                        "meta": {
                            "schema_version": "1"
                        },
                        "tainted": false
                    },
                    "deposed": [],
                    "provider": ""
                },
                "aws_subnet.rede_1": {
                    "type": "aws_subnet",
                    "depends_on": [
                        "aws_vpc.blog"
                    ],
                    "primary": {
                        "id": "subnet-6574fd02",
                        "attributes": {
                            "assign_ipv6_address_on_creation": "false",
                            "availability_zone": "sa-east-1a",
                            "cidr_block": "10.100.0.0/24",
                            "id": "subnet-6574fd02",
                            "map_public_ip_on_launch": "false",
                            "tags.%": "1",
                            "tags.Name": "Rede Publica 1",
                            "vpc_id": "vpc-2cb4bf48"
                        },
                        "meta": {
                            "schema_version": "1"
                        },
                        "tainted": false
                    },
                    "deposed": [],
                    "provider": ""
                },
                "aws_subnet.rede_2": {
                    "type": "aws_subnet",
                    "depends_on": [
                        "aws_vpc.blog"
                    ],
                    "primary": {
                        "id": "subnet-bd4222e5",
                        "attributes": {
                            "assign_ipv6_address_on_creation": "false",
                            "availability_zone": "sa-east-1c",
                            "cidr_block": "10.100.1.0/24",
                            "id": "subnet-bd4222e5",
                            "map_public_ip_on_launch": "false",
                            "tags.%": "1",
                            "tags.Name": "Rede Publica 2",
                            "vpc_id": "vpc-2cb4bf48"
                        },
                        "meta": {
                            "schema_version": "1"
                        },
                        "tainted": false
                    },
                    "deposed": [],
                    "provider": ""
                },
                "aws_vpc.blog": {
                    "type": "aws_vpc",
                    "depends_on": [],
                    "primary": {
                        "id": "vpc-2cb4bf48",
                        "attributes": {
                            "assign_generated_ipv6_cidr_block": "false",
                            "cidr_block": "10.100.0.0/16",
                            "default_network_acl_id": "acl-e0fdc484",
                            "default_route_table_id": "rtb-73a9a417",
                            "default_security_group_id": "sg-108ea377",
                            "dhcp_options_id": "dopt-8dde69e9",
                            "enable_classiclink": "false",
                            "enable_classiclink_dns_support": "false",
                            "enable_dns_hostnames": "false",
                            "enable_dns_support": "true",
                            "id": "vpc-2cb4bf48",
                            "instance_tenancy": "default",
                            "main_route_table_id": "rtb-73a9a417",
                            "tags.%": "0"
                        },
                        "meta": {
                            "schema_version": "1"
                        },
                        "tainted": false
                    },
                    "deposed": [],
                    "provider": ""
                }
            },
            "depends_on": []
        }
    ]
}
