{
    "version": 3,
    "terraform_version": "0.10.8",
    "serial": 25,
    "lineage": "7e645d14-d341-4afe-bb65-8edfea565e4d",
    "modules": [
        {
            "path": [
                "root"
            ],
            "outputs": {},
            "resources": {
                "aws_db_instance.blog_rds_01": {
                    "type": "aws_db_instance",
                    "depends_on": [
                        "aws_db_subnet_group.blog_db",
                        "aws_security_group.mysql_blog"
                    ],
                    "primary": {
                        "id": "bd-rds-blog",
                        "attributes": {
                            "address": "bd-rds-blog.cqyd4jlpqnse.us-east-2.rds.amazonaws.com",
                            "allocated_storage": "10",
                            "arn": "arn:aws:rds:us-east-2:729491788263:db:bd-rds-blog",
                            "auto_minor_version_upgrade": "true",
                            "availability_zone": "us-east-2a",
                            "backup_retention_period": "0",
                            "backup_window": "06:44-07:14",
                            "ca_cert_identifier": "",
                            "copy_tags_to_snapshot": "false",
                            "db_subnet_group_name": "main",
                            "endpoint": "bd-rds-blog.cqyd4jlpqnse.us-east-2.rds.amazonaws.com:3306",
                            "engine": "mysql",
                            "engine_version": "5.6.37",
                            "hosted_zone_id": "Z2XHWR1WZ565X2",
                            "iam_database_authentication_enabled": "false",
                            "id": "bd-rds-blog",
                            "identifier": "bd-rds-blog",
                            "instance_class": "db.t2.micro",
                            "iops": "0",
                            "kms_key_id": "",
                            "license_model": "general-public-license",
                            "maintenance_window": "sun:09:34-sun:10:04",
                            "monitoring_interval": "0",
                            "multi_az": "false",
                            "name": "blog_db",
                            "option_group_name": "default:mysql-5-6",
                            "parameter_group_name": "default.mysql5.6",
                            "password": "7201rns5",
                            "port": "3306",
                            "publicly_accessible": "false",
                            "replicas.#": "0",
                            "replicate_source_db": "",
                            "resource_id": "db-QF6OWDHQP4RTSIWUX7IP72QDAM",
                            "security_group_names.#": "0",
                            "skip_final_snapshot": "false",
                            "status": "deleting",
                            "storage_encrypted": "false",
                            "storage_type": "standard",
                            "tags.%": "0",
                            "timezone": "",
                            "username": "blog_db",
                            "vpc_security_group_ids.#": "1",
                            "vpc_security_group_ids.3198104775": "sg-11394979"
                        },
                        "meta": {
                            "e2bfb730-ecaa-11e6-8f88-34363bc7c4c0": {
                                "create": 2400000000000,
                                "delete": 2400000000000,
                                "update": 4800000000000
                            }
                        },
                        "tainted": false
                    },
                    "deposed": [],
                    "provider": ""
                },
                "aws_db_subnet_group.blog_db": {
                    "type": "aws_db_subnet_group",
                    "depends_on": [
                        "aws_subnet.rede_1",
                        "aws_subnet.rede_2"
                    ],
                    "primary": {
                        "id": "main",
                        "attributes": {
                            "arn": "arn:aws:rds:us-east-2:729491788263:subgrp:main",
                            "description": "Grupo de subnets",
                            "id": "main",
                            "name": "main",
                            "subnet_ids.#": "2",
                            "subnet_ids.305064814": "subnet-8d3adbe5",
                            "subnet_ids.4288544857": "subnet-29d5f252",
                            "tags.%": "1",
                            "tags.Name": "Grupo de subnets blog"
                        },
                        "meta": {},
                        "tainted": false
                    },
                    "deposed": [],
                    "provider": ""
                },
                "aws_security_group.mysql_blog": {
                    "type": "aws_security_group",
                    "depends_on": [
                        "aws_subnet.rede_1",
                        "aws_subnet.rede_2",
                        "aws_vpc.blog"
                    ],
                    "primary": {
                        "id": "sg-11394979",
                        "attributes": {
                            "description": "Libera acesso dos servidores web a instancia do mysql",
                            "egress.#": "1",
                            "egress.1543620397.cidr_blocks.#": "1",
                            "egress.1543620397.cidr_blocks.0": "0.0.0.0/0",
                            "egress.1543620397.description": "",
                            "egress.1543620397.from_port": "1024",
                            "egress.1543620397.ipv6_cidr_blocks.#": "0",
                            "egress.1543620397.prefix_list_ids.#": "0",
                            "egress.1543620397.protocol": "tcp",
                            "egress.1543620397.security_groups.#": "0",
                            "egress.1543620397.self": "false",
                            "egress.1543620397.to_port": "65535",
                            "id": "sg-11394979",
                            "ingress.#": "1",
                            "ingress.200458864.cidr_blocks.#": "2",
                            "ingress.200458864.cidr_blocks.0": "172.100.5.0/24",
                            "ingress.200458864.cidr_blocks.1": "172.100.4.0/24",
                            "ingress.200458864.description": "",
                            "ingress.200458864.from_port": "3306",
                            "ingress.200458864.ipv6_cidr_blocks.#": "0",
                            "ingress.200458864.protocol": "tcp",
                            "ingress.200458864.security_groups.#": "0",
                            "ingress.200458864.self": "false",
                            "ingress.200458864.to_port": "3306",
                            "name": "mysql blog",
                            "owner_id": "729491788263",
                            "revoke_rules_on_delete": "false",
                            "tags.%": "0",
                            "vpc_id": "vpc-31091a58"
                        },
                        "meta": {
                            "schema_version": "1"
                        },
                        "tainted": false
                    },
                    "deposed": [],
                    "provider": ""
                },
                "aws_subnet.rede_1": {
                    "type": "aws_subnet",
                    "depends_on": [
                        "aws_vpc.blog"
                    ],
                    "primary": {
                        "id": "subnet-8d3adbe5",
                        "attributes": {
                            "assign_ipv6_address_on_creation": "false",
                            "availability_zone": "us-east-2a",
                            "cidr_block": "172.100.5.0/24",
                            "id": "subnet-8d3adbe5",
                            "map_public_ip_on_launch": "true",
                            "tags.%": "1",
                            "tags.Name": "Rede Publica 1",
                            "vpc_id": "vpc-31091a58"
                        },
                        "meta": {
                            "schema_version": "1"
                        },
                        "tainted": false
                    },
                    "deposed": [],
                    "provider": ""
                },
                "aws_subnet.rede_2": {
                    "type": "aws_subnet",
                    "depends_on": [
                        "aws_vpc.blog"
                    ],
                    "primary": {
                        "id": "subnet-29d5f252",
                        "attributes": {
                            "assign_ipv6_address_on_creation": "false",
                            "availability_zone": "us-east-2b",
                            "cidr_block": "172.100.4.0/24",
                            "id": "subnet-29d5f252",
                            "map_public_ip_on_launch": "true",
                            "tags.%": "1",
                            "tags.Name": "Rede Publica 2",
                            "vpc_id": "vpc-31091a58"
                        },
                        "meta": {
                            "schema_version": "1"
                        },
                        "tainted": false
                    },
                    "deposed": [],
                    "provider": ""
                },
                "aws_vpc.blog": {
                    "type": "aws_vpc",
                    "depends_on": [],
                    "primary": {
                        "id": "vpc-31091a58",
                        "attributes": {
                            "assign_generated_ipv6_cidr_block": "false",
                            "cidr_block": "172.100.0.0/16",
                            "default_network_acl_id": "acl-273bd54f",
                            "default_route_table_id": "rtb-021ae76a",
                            "default_security_group_id": "sg-c53747ad",
                            "dhcp_options_id": "dopt-473f0e2e",
                            "enable_dns_hostnames": "false",
                            "enable_dns_support": "true",
                            "id": "vpc-31091a58",
                            "instance_tenancy": "default",
                            "main_route_table_id": "rtb-021ae76a",
                            "tags.%": "0"
                        },
                        "meta": {
                            "schema_version": "1"
                        },
                        "tainted": false
                    },
                    "deposed": [],
                    "provider": ""
                }
            },
            "depends_on": []
        }
    ]
}
